{
  "requires": true,
  "lockfileVersion": 1,
  "dependencies": {
    "string-builder": {
      "version": "0.1.6",
      "resolved": "https://registry.npmjs.org/string-builder/-/string-builder-0.1.6.tgz",
      "integrity": "sha512-lpfA1Tddd4dwk2Hxf/fhQAG2JK91St/ISqdvBYjOOnW8oNC1172CwW5X2YsU+JqtJBPCBDPZrlrPCK8iQq0QyQ=="
    }
  }
}
