
Microsoft Visual Studio Solution File, Format Version 12.00
# Visual Studio 15
VisualStudioVersion = 15.0.28307.421
MinimumVisualStudioVersion = 10.0.40219.1
Project("{9A19103F-16F7-4668-BE54-9A1E7A4F7556}") = "SearchToolbox.Classes", "SearchToolbox.Classes\SearchToolbox.Classes.csproj", "{50E97018-FD16-4525-B66D-7F7B8FC3F020}"
EndProject
Project("{9A19103F-16F7-4668-BE54-9A1E7A4F7556}") = "SearchToolbox.BLL", "SearchToolbox.BLL\SearchToolbox.BLL.csproj", "{73AC477D-6046-4422-BE4E-D862EF0968F7}"
EndProject
Project("{2150E333-8FDC-42A3-9474-1A3956D46DE8}") = "Classes", "Classes", "{2C48EAA4-0541-432E-8FCE-C99A7112908B}"
EndProject
Project("{2150E333-8FDC-42A3-9474-1A3956D46DE8}") = "Data", "Data", "{BE5CBD8C-D76D-4FCE-B2E3-2DC4C5C6D5C8}"
EndProject
Project("{2150E333-8FDC-42A3-9474-1A3956D46DE8}") = "Testing", "Testing", "{4B61EF37-65C6-47BB-808F-4CBFDB1162E6}"
EndProject
Project("{2150E333-8FDC-42A3-9474-1A3956D46DE8}") = "WebAPI", "WebAPI", "{B41045FF-20EB-488E-84BD-A3C167AD5374}"
EndProject
Project("{2150E333-8FDC-42A3-9474-1A3956D46DE8}") = "DAL", "DAL", "{6473082E-438E-4ECC-9FF8-0600F04E1D77}"
EndProject
Project("{2150E333-8FDC-42A3-9474-1A3956D46DE8}") = "BLL", "BLL", "{BFF229CB-1AC2-4C02-8BDC-EE71603224C1}"
EndProject
Project("{2150E333-8FDC-42A3-9474-1A3956D46DE8}") = "0. Data Updates", "0. Data Updates", "{66EA287B-DDA2-4C0A-A0B3-B9323E480A9F}"
	ProjectSection(SolutionItems) = preProject
		Pre Run DB Script.sql = Pre Run DB Script.sql
	EndProjectSection
EndProject
Project("{9A19103F-16F7-4668-BE54-9A1E7A4F7556}") = "SearchToolbox.REST", "SearchToolbox.REST\SearchToolbox.REST.csproj", "{F2FEC8F6-75D8-43DF-BD5D-D0C8BBAF5C65}"
EndProject
Project("{9A19103F-16F7-4668-BE54-9A1E7A4F7556}") = "SearchToolbox.Interfaces", "SearchToolbox.Interfaces\SearchToolbox.Interfaces.csproj", "{A6939406-55CA-40AE-89F9-85850F5F3426}"
EndProject
Project("{9A19103F-16F7-4668-BE54-9A1E7A4F7556}") = "SearchTooolbox.EF", "SearchTooolbox.EF\SearchTooolbox.EF.csproj", "{B5F6491F-75CB-4DCE-A2C7-71E39168E82F}"
EndProject
Project("{9A19103F-16F7-4668-BE54-9A1E7A4F7556}") = "SearchToolbox.DAL", "SearchToolbox.DAL\SearchToolbox.DAL.csproj", "{370806C6-9E64-4ABD-95A9-51E68F6ADBE6}"
EndProject
Project("{9A19103F-16F7-4668-BE54-9A1E7A4F7556}") = "SearchToolbox.DataTesting", "SearchToolbox.DataTesting\SearchToolbox.DataTesting.csproj", "{F1E790E7-29BF-4E97-936E-4CC77EAE22D5}"
EndProject
Global
	GlobalSection(SolutionConfigurationPlatforms) = preSolution
		Debug|Any CPU = Debug|Any CPU
		Release|Any CPU = Release|Any CPU
	EndGlobalSection
	GlobalSection(ProjectConfigurationPlatforms) = postSolution
		{50E97018-FD16-4525-B66D-7F7B8FC3F020}.Debug|Any CPU.ActiveCfg = Debug|Any CPU
		{50E97018-FD16-4525-B66D-7F7B8FC3F020}.Debug|Any CPU.Build.0 = Debug|Any CPU
		{50E97018-FD16-4525-B66D-7F7B8FC3F020}.Release|Any CPU.ActiveCfg = Release|Any CPU
		{50E97018-FD16-4525-B66D-7F7B8FC3F020}.Release|Any CPU.Build.0 = Release|Any CPU
		{73AC477D-6046-4422-BE4E-D862EF0968F7}.Debug|Any CPU.ActiveCfg = Debug|Any CPU
		{73AC477D-6046-4422-BE4E-D862EF0968F7}.Debug|Any CPU.Build.0 = Debug|Any CPU
		{73AC477D-6046-4422-BE4E-D862EF0968F7}.Release|Any CPU.ActiveCfg = Release|Any CPU
		{73AC477D-6046-4422-BE4E-D862EF0968F7}.Release|Any CPU.Build.0 = Release|Any CPU
		{F2FEC8F6-75D8-43DF-BD5D-D0C8BBAF5C65}.Debug|Any CPU.ActiveCfg = Debug|Any CPU
		{F2FEC8F6-75D8-43DF-BD5D-D0C8BBAF5C65}.Debug|Any CPU.Build.0 = Debug|Any CPU
		{F2FEC8F6-75D8-43DF-BD5D-D0C8BBAF5C65}.Release|Any CPU.ActiveCfg = Release|Any CPU
		{F2FEC8F6-75D8-43DF-BD5D-D0C8BBAF5C65}.Release|Any CPU.Build.0 = Release|Any CPU
		{A6939406-55CA-40AE-89F9-85850F5F3426}.Debug|Any CPU.ActiveCfg = Debug|Any CPU
		{A6939406-55CA-40AE-89F9-85850F5F3426}.Debug|Any CPU.Build.0 = Debug|Any CPU
		{A6939406-55CA-40AE-89F9-85850F5F3426}.Release|Any CPU.ActiveCfg = Release|Any CPU
		{A6939406-55CA-40AE-89F9-85850F5F3426}.Release|Any CPU.Build.0 = Release|Any CPU
		{B5F6491F-75CB-4DCE-A2C7-71E39168E82F}.Debug|Any CPU.ActiveCfg = Debug|Any CPU
		{B5F6491F-75CB-4DCE-A2C7-71E39168E82F}.Debug|Any CPU.Build.0 = Debug|Any CPU
		{B5F6491F-75CB-4DCE-A2C7-71E39168E82F}.Release|Any CPU.ActiveCfg = Release|Any CPU
		{B5F6491F-75CB-4DCE-A2C7-71E39168E82F}.Release|Any CPU.Build.0 = Release|Any CPU
		{370806C6-9E64-4ABD-95A9-51E68F6ADBE6}.Debug|Any CPU.ActiveCfg = Debug|Any CPU
		{370806C6-9E64-4ABD-95A9-51E68F6ADBE6}.Debug|Any CPU.Build.0 = Debug|Any CPU
		{370806C6-9E64-4ABD-95A9-51E68F6ADBE6}.Release|Any CPU.ActiveCfg = Release|Any CPU
		{370806C6-9E64-4ABD-95A9-51E68F6ADBE6}.Release|Any CPU.Build.0 = Release|Any CPU
		{F1E790E7-29BF-4E97-936E-4CC77EAE22D5}.Debug|Any CPU.ActiveCfg = Debug|Any CPU
		{F1E790E7-29BF-4E97-936E-4CC77EAE22D5}.Debug|Any CPU.Build.0 = Debug|Any CPU
		{F1E790E7-29BF-4E97-936E-4CC77EAE22D5}.Release|Any CPU.ActiveCfg = Release|Any CPU
		{F1E790E7-29BF-4E97-936E-4CC77EAE22D5}.Release|Any CPU.Build.0 = Release|Any CPU
	EndGlobalSection
	GlobalSection(SolutionProperties) = preSolution
		HideSolutionNode = FALSE
	EndGlobalSection
	GlobalSection(NestedProjects) = preSolution
		{50E97018-FD16-4525-B66D-7F7B8FC3F020} = {2C48EAA4-0541-432E-8FCE-C99A7112908B}
		{73AC477D-6046-4422-BE4E-D862EF0968F7} = {BFF229CB-1AC2-4C02-8BDC-EE71603224C1}
		{F2FEC8F6-75D8-43DF-BD5D-D0C8BBAF5C65} = {B41045FF-20EB-488E-84BD-A3C167AD5374}
		{A6939406-55CA-40AE-89F9-85850F5F3426} = {2C48EAA4-0541-432E-8FCE-C99A7112908B}
		{B5F6491F-75CB-4DCE-A2C7-71E39168E82F} = {BE5CBD8C-D76D-4FCE-B2E3-2DC4C5C6D5C8}
		{370806C6-9E64-4ABD-95A9-51E68F6ADBE6} = {6473082E-438E-4ECC-9FF8-0600F04E1D77}
		{F1E790E7-29BF-4E97-936E-4CC77EAE22D5} = {4B61EF37-65C6-47BB-808F-4CBFDB1162E6}
	EndGlobalSection
	GlobalSection(ExtensibilityGlobals) = postSolution
		SolutionGuid = {BE139023-112D-456B-9CF0-7FD639047AE3}
	EndGlobalSection
EndGlobal
